
Microsoft Visual Studio Solution File, Format Version 12.00
# Visual Studio 2017
Project("{FAE04EC0-301F-11D3-BF4B-00C04F79EFBC}") = "Backyard Snowdown", "Backyard Snowdown.csproj", "{1B6EB985-3B38-48A3-944C-F96CC53E7C91}"
EndProject
Project("{FAE04EC0-301F-11D3-BF4B-00C04F79EFBC}") = "Backyard Snowdown.Editor", "Backyard Snowdown.Editor.csproj", "{68EA710E-97B0-6486-5AFC-E4D97B1EC325}"
EndProject
Global
	GlobalSection(SolutionConfigurationPlatforms) = preSolution
		Debug|Any CPU = Debug|Any CPU
		Release|Any CPU = Release|Any CPU
	EndGlobalSection
	GlobalSection(ProjectConfigurationPlatforms) = postSolution
		{1B6EB985-3B38-48A3-944C-F96CC53E7C91}.Debug|Any CPU.ActiveCfg = Debug|Any CPU
		{1B6EB985-3B38-48A3-944C-F96CC53E7C91}.Debug|Any CPU.Build.0 = Debug|Any CPU
		{1B6EB985-3B38-48A3-944C-F96CC53E7C91}.Release|Any CPU.ActiveCfg = Release|Any CPU
		{1B6EB985-3B38-48A3-944C-F96CC53E7C91}.Release|Any CPU.Build.0 = Release|Any CPU
		{68EA710E-97B0-6486-5AFC-E4D97B1EC325}.Debug|Any CPU.ActiveCfg = Debug|Any CPU
		{68EA710E-97B0-6486-5AFC-E4D97B1EC325}.Debug|Any CPU.Build.0 = Debug|Any CPU
		{68EA710E-97B0-6486-5AFC-E4D97B1EC325}.Release|Any CPU.ActiveCfg = Release|Any CPU
		{68EA710E-97B0-6486-5AFC-E4D97B1EC325}.Release|Any CPU.Build.0 = Release|Any CPU
	EndGlobalSection
	GlobalSection(SolutionProperties) = preSolution
		HideSolutionNode = FALSE
	EndGlobalSection
EndGlobal
